{
  "name": "musica",
  "lockfileVersion": 3,
  "requires": true,
  "packages": {
    "": {
      "dependencies": {
        "image-picker": "^0.3.1"
      }
    },
    "node_modules/image-picker": {
      "version": "0.3.1",
      "resolved": "https://registry.npmjs.org/image-picker/-/image-picker-0.3.1.tgz",
      "integrity": "sha512-mbT/R7LcbXxhIKoDCQAjjejzAja6+JnBlSOa7I7SnF1sMen2lIh2WCfq3JjBD+cCfxKZHks3ZxO9cQ0TFj1aOQ==",
      "license": "MIT"
    }
  }
}
